
Microsoft Visual Studio Solution File, Format Version 12.00
# Visual Studio Version 17
VisualStudioVersion = 17.5.33516.290
MinimumVisualStudioVersion = 10.0.40219.1
Project("{FAE04EC0-301F-11D3-BF4B-00C04F79EFBC}") = "GreekCharsReplace", "GreekCharsReplace\GreekCharsReplace.csproj", "{D1E808BA-907F-4936-B641-1B70952CA828}"
EndProject
Global
	GlobalSection(SolutionConfigurationPlatforms) = preSolution
		Debug|Any CPU = Debug|Any CPU
		Release|Any CPU = Release|Any CPU
	EndGlobalSection
	GlobalSection(ProjectConfigurationPlatforms) = postSolution
		{D1E808BA-907F-4936-B641-1B70952CA828}.Debug|Any CPU.ActiveCfg = Debug|Any CPU
		{D1E808BA-907F-4936-B641-1B70952CA828}.Debug|Any CPU.Build.0 = Debug|Any CPU
		{D1E808BA-907F-4936-B641-1B70952CA828}.Release|Any CPU.ActiveCfg = Release|Any CPU
		{D1E808BA-907F-4936-B641-1B70952CA828}.Release|Any CPU.Build.0 = Release|Any CPU
	EndGlobalSection
	GlobalSection(SolutionProperties) = preSolution
		HideSolutionNode = FALSE
	EndGlobalSection
	GlobalSection(ExtensibilityGlobals) = postSolution
		SolutionGuid = {BD7ED113-4F1C-46C7-AF18-39B7BB4D7FFE}
	EndGlobalSection
EndGlobal
